
Microsoft Visual Studio Solution File, Format Version 12.00
# Visual Studio Version 17
VisualStudioVersion = 17.7.34031.279
MinimumVisualStudioVersion = 10.0.40219.1
Project("{54A90642-561A-4BB1-A94E-469ADEE60C69}") = "angularapp", "angularapp\angularapp.esproj", "{858E7148-631E-42F7-9B86-A31463D0FCC0}"
EndProject
Project("{9A19103F-16F7-4668-BE54-9A1E7A4F7556}") = "webapi", "webapi\webapi.csproj", "{0E772875-D895-46C8-9567-BD8F314301DE}"
EndProject
Global
	GlobalSection(SolutionConfigurationPlatforms) = preSolution
		Debug|Any CPU = Debug|Any CPU
		Release|Any CPU = Release|Any CPU
	EndGlobalSection
	GlobalSection(ProjectConfigurationPlatforms) = postSolution
		{858E7148-631E-42F7-9B86-A31463D0FCC0}.Debug|Any CPU.ActiveCfg = Debug|Any CPU
		{858E7148-631E-42F7-9B86-A31463D0FCC0}.Debug|Any CPU.Build.0 = Debug|Any CPU
		{858E7148-631E-42F7-9B86-A31463D0FCC0}.Debug|Any CPU.Deploy.0 = Debug|Any CPU
		{858E7148-631E-42F7-9B86-A31463D0FCC0}.Release|Any CPU.ActiveCfg = Release|Any CPU
		{858E7148-631E-42F7-9B86-A31463D0FCC0}.Release|Any CPU.Build.0 = Release|Any CPU
		{858E7148-631E-42F7-9B86-A31463D0FCC0}.Release|Any CPU.Deploy.0 = Release|Any CPU
		{0E772875-D895-46C8-9567-BD8F314301DE}.Debug|Any CPU.ActiveCfg = Debug|Any CPU
		{0E772875-D895-46C8-9567-BD8F314301DE}.Debug|Any CPU.Build.0 = Debug|Any CPU
		{0E772875-D895-46C8-9567-BD8F314301DE}.Release|Any CPU.ActiveCfg = Release|Any CPU
		{0E772875-D895-46C8-9567-BD8F314301DE}.Release|Any CPU.Build.0 = Release|Any CPU
	EndGlobalSection
	GlobalSection(SolutionProperties) = preSolution
		HideSolutionNode = FALSE
	EndGlobalSection
	GlobalSection(ExtensibilityGlobals) = postSolution
		SolutionGuid = {928D8407-47DC-4B82-AD7E-35A9320E6F9A}
	EndGlobalSection
EndGlobal
